
Microsoft Visual Studio Solution File, Format Version 12.00
# Visual Studio Version 17
VisualStudioVersion = 17.3.32825.248
MinimumVisualStudioVersion = 10.0.40219.1
Project("{9A19103F-16F7-4668-BE54-9A1E7A4F7556}") = "01.DFS", "01.DFS\01.DFS.csproj", "{3A636515-FC86-4F68-81A8-37E6389CE717}"
EndProject
Project("{9A19103F-16F7-4668-BE54-9A1E7A4F7556}") = "02.BFS", "02.BFS\02.BFS.csproj", "{151612E2-8F49-4EAF-8A93-BA9354AEA302}"
EndProject
Project("{FAE04EC0-301F-11D3-BF4B-00C04F79EFBC}") = "03.ConnectedComponents", "03.ConnectedComponents\03.ConnectedComponents.csproj", "{6A299A61-F173-4B6D-BEF0-54352B01F15F}"
EndProject
Project("{FAE04EC0-301F-11D3-BF4B-00C04F79EFBC}") = "04.TopologicalSorting", "04.TopologicalSorting\04.TopologicalSorting.csproj", "{B63DE3A6-6854-4AE2-A3EA-CA1D6D3A33D7}"
EndProject
Global
	GlobalSection(SolutionConfigurationPlatforms) = preSolution
		Debug|Any CPU = Debug|Any CPU
		Release|Any CPU = Release|Any CPU
	EndGlobalSection
	GlobalSection(ProjectConfigurationPlatforms) = postSolution
		{3A636515-FC86-4F68-81A8-37E6389CE717}.Debug|Any CPU.ActiveCfg = Debug|Any CPU
		{3A636515-FC86-4F68-81A8-37E6389CE717}.Debug|Any CPU.Build.0 = Debug|Any CPU
		{3A636515-FC86-4F68-81A8-37E6389CE717}.Release|Any CPU.ActiveCfg = Release|Any CPU
		{3A636515-FC86-4F68-81A8-37E6389CE717}.Release|Any CPU.Build.0 = Release|Any CPU
		{151612E2-8F49-4EAF-8A93-BA9354AEA302}.Debug|Any CPU.ActiveCfg = Debug|Any CPU
		{151612E2-8F49-4EAF-8A93-BA9354AEA302}.Debug|Any CPU.Build.0 = Debug|Any CPU
		{151612E2-8F49-4EAF-8A93-BA9354AEA302}.Release|Any CPU.ActiveCfg = Release|Any CPU
		{151612E2-8F49-4EAF-8A93-BA9354AEA302}.Release|Any CPU.Build.0 = Release|Any CPU
		{6A299A61-F173-4B6D-BEF0-54352B01F15F}.Debug|Any CPU.ActiveCfg = Debug|Any CPU
		{6A299A61-F173-4B6D-BEF0-54352B01F15F}.Debug|Any CPU.Build.0 = Debug|Any CPU
		{6A299A61-F173-4B6D-BEF0-54352B01F15F}.Release|Any CPU.ActiveCfg = Release|Any CPU
		{6A299A61-F173-4B6D-BEF0-54352B01F15F}.Release|Any CPU.Build.0 = Release|Any CPU
		{B63DE3A6-6854-4AE2-A3EA-CA1D6D3A33D7}.Debug|Any CPU.ActiveCfg = Debug|Any CPU
		{B63DE3A6-6854-4AE2-A3EA-CA1D6D3A33D7}.Debug|Any CPU.Build.0 = Debug|Any CPU
		{B63DE3A6-6854-4AE2-A3EA-CA1D6D3A33D7}.Release|Any CPU.ActiveCfg = Release|Any CPU
		{B63DE3A6-6854-4AE2-A3EA-CA1D6D3A33D7}.Release|Any CPU.Build.0 = Release|Any CPU
	EndGlobalSection
	GlobalSection(SolutionProperties) = preSolution
		HideSolutionNode = FALSE
	EndGlobalSection
	GlobalSection(ExtensibilityGlobals) = postSolution
		SolutionGuid = {AC851CB8-B3F3-4728-BBD2-D33958AC8D97}
	EndGlobalSection
EndGlobal
