
Microsoft Visual Studio Solution File, Format Version 12.00
# Visual Studio Version 16
VisualStudioVersion = 16.0.31702.278
MinimumVisualStudioVersion = 10.0.40219.1
Project("{FAE04EC0-301F-11D3-BF4B-00C04F79EFBC}") = "ListyIterator", "ListyIterator\ListyIterator.csproj", "{387BDD2C-5348-45F7-9FFD-55B52F4E8B89}"
EndProject
Project("{FAE04EC0-301F-11D3-BF4B-00C04F79EFBC}") = "Collection", "Collection\Collection.csproj", "{B3BAA264-D3B4-4262-B507-352596D8146D}"
EndProject
Project("{FAE04EC0-301F-11D3-BF4B-00C04F79EFBC}") = "Stack", "Stack\Stack.csproj", "{6D88E701-E803-4DA6-9F8A-5625A5E4025E}"
EndProject
Global
	GlobalSection(SolutionConfigurationPlatforms) = preSolution
		Debug|Any CPU = Debug|Any CPU
		Release|Any CPU = Release|Any CPU
	EndGlobalSection
	GlobalSection(ProjectConfigurationPlatforms) = postSolution
		{387BDD2C-5348-45F7-9FFD-55B52F4E8B89}.Debug|Any CPU.ActiveCfg = Debug|Any CPU
		{387BDD2C-5348-45F7-9FFD-55B52F4E8B89}.Debug|Any CPU.Build.0 = Debug|Any CPU
		{387BDD2C-5348-45F7-9FFD-55B52F4E8B89}.Release|Any CPU.ActiveCfg = Release|Any CPU
		{387BDD2C-5348-45F7-9FFD-55B52F4E8B89}.Release|Any CPU.Build.0 = Release|Any CPU
		{B3BAA264-D3B4-4262-B507-352596D8146D}.Debug|Any CPU.ActiveCfg = Debug|Any CPU
		{B3BAA264-D3B4-4262-B507-352596D8146D}.Debug|Any CPU.Build.0 = Debug|Any CPU
		{B3BAA264-D3B4-4262-B507-352596D8146D}.Release|Any CPU.ActiveCfg = Release|Any CPU
		{B3BAA264-D3B4-4262-B507-352596D8146D}.Release|Any CPU.Build.0 = Release|Any CPU
		{6D88E701-E803-4DA6-9F8A-5625A5E4025E}.Debug|Any CPU.ActiveCfg = Debug|Any CPU
		{6D88E701-E803-4DA6-9F8A-5625A5E4025E}.Debug|Any CPU.Build.0 = Debug|Any CPU
		{6D88E701-E803-4DA6-9F8A-5625A5E4025E}.Release|Any CPU.ActiveCfg = Release|Any CPU
		{6D88E701-E803-4DA6-9F8A-5625A5E4025E}.Release|Any CPU.Build.0 = Release|Any CPU
	EndGlobalSection
	GlobalSection(SolutionProperties) = preSolution
		HideSolutionNode = FALSE
	EndGlobalSection
	GlobalSection(ExtensibilityGlobals) = postSolution
		SolutionGuid = {4A6C7E3E-43A9-469D-84FA-FB70E3A13C6E}
	EndGlobalSection
EndGlobal
