
Microsoft Visual Studio Solution File, Format Version 12.00
# Visual Studio Version 16
VisualStudioVersion = 16.0.31702.278
MinimumVisualStudioVersion = 10.0.40219.1
Project("{9A19103F-16F7-4668-BE54-9A1E7A4F7556}") = "01. FlowerWreaths", "01. FlowerWreaths\01. FlowerWreaths.csproj", "{7933C861-7E9B-4DC0-A54E-480E4C8164FD}"
EndProject
Project("{9A19103F-16F7-4668-BE54-9A1E7A4F7556}") = "02. Bee", "02. Bee\02. Bee.csproj", "{95F360B6-0210-447D-8747-C99553845F1B}"
EndProject
Project("{9A19103F-16F7-4668-BE54-9A1E7A4F7556}") = "03. VetClinic", "03. VetClinic\03. VetClinic.csproj", "{D3847F7C-5EDD-4295-AC01-9901EF5BAB1C}"
EndProject
Global
	GlobalSection(SolutionConfigurationPlatforms) = preSolution
		Debug|Any CPU = Debug|Any CPU
		Release|Any CPU = Release|Any CPU
	EndGlobalSection
	GlobalSection(ProjectConfigurationPlatforms) = postSolution
		{7933C861-7E9B-4DC0-A54E-480E4C8164FD}.Debug|Any CPU.ActiveCfg = Debug|Any CPU
		{7933C861-7E9B-4DC0-A54E-480E4C8164FD}.Debug|Any CPU.Build.0 = Debug|Any CPU
		{7933C861-7E9B-4DC0-A54E-480E4C8164FD}.Release|Any CPU.ActiveCfg = Release|Any CPU
		{7933C861-7E9B-4DC0-A54E-480E4C8164FD}.Release|Any CPU.Build.0 = Release|Any CPU
		{95F360B6-0210-447D-8747-C99553845F1B}.Debug|Any CPU.ActiveCfg = Debug|Any CPU
		{95F360B6-0210-447D-8747-C99553845F1B}.Debug|Any CPU.Build.0 = Debug|Any CPU
		{95F360B6-0210-447D-8747-C99553845F1B}.Release|Any CPU.ActiveCfg = Release|Any CPU
		{95F360B6-0210-447D-8747-C99553845F1B}.Release|Any CPU.Build.0 = Release|Any CPU
		{D3847F7C-5EDD-4295-AC01-9901EF5BAB1C}.Debug|Any CPU.ActiveCfg = Debug|Any CPU
		{D3847F7C-5EDD-4295-AC01-9901EF5BAB1C}.Debug|Any CPU.Build.0 = Debug|Any CPU
		{D3847F7C-5EDD-4295-AC01-9901EF5BAB1C}.Release|Any CPU.ActiveCfg = Release|Any CPU
		{D3847F7C-5EDD-4295-AC01-9901EF5BAB1C}.Release|Any CPU.Build.0 = Release|Any CPU
	EndGlobalSection
	GlobalSection(SolutionProperties) = preSolution
		HideSolutionNode = FALSE
	EndGlobalSection
	GlobalSection(ExtensibilityGlobals) = postSolution
		SolutionGuid = {376FFEF1-CDA5-438A-8B5C-89247773A580}
	EndGlobalSection
EndGlobal
