
Microsoft Visual Studio Solution File, Format Version 12.00
# Visual Studio Version 16
VisualStudioVersion = 16.0.31005.135
MinimumVisualStudioVersion = 10.0.40219.1
Project("{9A19103F-16F7-4668-BE54-9A1E7A4F7556}") = "01. Lootbox", "01. Lootbox\01. Lootbox.csproj", "{F5A43F5E-6063-432A-8A07-4CAFCDA984A6}"
EndProject
Project("{9A19103F-16F7-4668-BE54-9A1E7A4F7556}") = "03. Guild", "03. Guild\03. Guild.csproj", "{0A73E1F2-5EA6-48E7-95A7-9D3BFCE8F734}"
EndProject
Project("{FAE04EC0-301F-11D3-BF4B-00C04F79EFBC}") = "02. Re-Volt", "02. Re-Volt\02. Re-Volt.csproj", "{C1DE5CDA-D143-4500-A676-7D1C52742DDF}"
EndProject
Global
	GlobalSection(SolutionConfigurationPlatforms) = preSolution
		Debug|Any CPU = Debug|Any CPU
		Release|Any CPU = Release|Any CPU
	EndGlobalSection
	GlobalSection(ProjectConfigurationPlatforms) = postSolution
		{F5A43F5E-6063-432A-8A07-4CAFCDA984A6}.Debug|Any CPU.ActiveCfg = Debug|Any CPU
		{F5A43F5E-6063-432A-8A07-4CAFCDA984A6}.Debug|Any CPU.Build.0 = Debug|Any CPU
		{F5A43F5E-6063-432A-8A07-4CAFCDA984A6}.Release|Any CPU.ActiveCfg = Release|Any CPU
		{F5A43F5E-6063-432A-8A07-4CAFCDA984A6}.Release|Any CPU.Build.0 = Release|Any CPU
		{0A73E1F2-5EA6-48E7-95A7-9D3BFCE8F734}.Debug|Any CPU.ActiveCfg = Debug|Any CPU
		{0A73E1F2-5EA6-48E7-95A7-9D3BFCE8F734}.Debug|Any CPU.Build.0 = Debug|Any CPU
		{0A73E1F2-5EA6-48E7-95A7-9D3BFCE8F734}.Release|Any CPU.ActiveCfg = Release|Any CPU
		{0A73E1F2-5EA6-48E7-95A7-9D3BFCE8F734}.Release|Any CPU.Build.0 = Release|Any CPU
		{C1DE5CDA-D143-4500-A676-7D1C52742DDF}.Debug|Any CPU.ActiveCfg = Debug|Any CPU
		{C1DE5CDA-D143-4500-A676-7D1C52742DDF}.Debug|Any CPU.Build.0 = Debug|Any CPU
		{C1DE5CDA-D143-4500-A676-7D1C52742DDF}.Release|Any CPU.ActiveCfg = Release|Any CPU
		{C1DE5CDA-D143-4500-A676-7D1C52742DDF}.Release|Any CPU.Build.0 = Release|Any CPU
	EndGlobalSection
	GlobalSection(SolutionProperties) = preSolution
		HideSolutionNode = FALSE
	EndGlobalSection
	GlobalSection(ExtensibilityGlobals) = postSolution
		SolutionGuid = {9649CF1B-267E-4557-A241-6AB7F49B4F44}
	EndGlobalSection
EndGlobal
