
Microsoft Visual Studio Solution File, Format Version 12.00
# Visual Studio Version 17
VisualStudioVersion = 17.2.32519.379
MinimumVisualStudioVersion = 10.0.40219.1
Project("{FAE04EC0-301F-11D3-BF4B-00C04F79EFBC}") = "RealEstates.Data", "RealEstates.Data\RealEstates.Data.csproj", "{2D7F3C48-2864-4085-BB7E-CC24C2D0A1D2}"
EndProject
Project("{FAE04EC0-301F-11D3-BF4B-00C04F79EFBC}") = "RealEstates.Models", "RealEstates.Models\RealEstates.Models.csproj", "{68F30BD3-FBBB-432D-AD62-99D5767EA9DB}"
EndProject
Project("{FAE04EC0-301F-11D3-BF4B-00C04F79EFBC}") = "RealEstates.Services", "RealEstates.Services\RealEstates.Services.csproj", "{A8F3C19C-C600-4310-BB52-3574801F78A7}"
EndProject
Project("{FAE04EC0-301F-11D3-BF4B-00C04F79EFBC}") = "RealEstates.Importer", "RealEstates.Importer\RealEstates.Importer.csproj", "{92782EE6-7911-4B2D-A5BD-CE338E586F46}"
EndProject
Project("{FAE04EC0-301F-11D3-BF4B-00C04F79EFBC}") = "RealEstates.ConsoleApplication", "RealEstates.ConsoleApplication\RealEstates.ConsoleApplication.csproj", "{79475813-D442-44C8-8B83-9BBC19EE165F}"
EndProject
Global
	GlobalSection(SolutionConfigurationPlatforms) = preSolution
		Debug|Any CPU = Debug|Any CPU
		Release|Any CPU = Release|Any CPU
	EndGlobalSection
	GlobalSection(ProjectConfigurationPlatforms) = postSolution
		{2D7F3C48-2864-4085-BB7E-CC24C2D0A1D2}.Debug|Any CPU.ActiveCfg = Debug|Any CPU
		{2D7F3C48-2864-4085-BB7E-CC24C2D0A1D2}.Debug|Any CPU.Build.0 = Debug|Any CPU
		{2D7F3C48-2864-4085-BB7E-CC24C2D0A1D2}.Release|Any CPU.ActiveCfg = Release|Any CPU
		{2D7F3C48-2864-4085-BB7E-CC24C2D0A1D2}.Release|Any CPU.Build.0 = Release|Any CPU
		{68F30BD3-FBBB-432D-AD62-99D5767EA9DB}.Debug|Any CPU.ActiveCfg = Debug|Any CPU
		{68F30BD3-FBBB-432D-AD62-99D5767EA9DB}.Debug|Any CPU.Build.0 = Debug|Any CPU
		{68F30BD3-FBBB-432D-AD62-99D5767EA9DB}.Release|Any CPU.ActiveCfg = Release|Any CPU
		{68F30BD3-FBBB-432D-AD62-99D5767EA9DB}.Release|Any CPU.Build.0 = Release|Any CPU
		{A8F3C19C-C600-4310-BB52-3574801F78A7}.Debug|Any CPU.ActiveCfg = Debug|Any CPU
		{A8F3C19C-C600-4310-BB52-3574801F78A7}.Debug|Any CPU.Build.0 = Debug|Any CPU
		{A8F3C19C-C600-4310-BB52-3574801F78A7}.Release|Any CPU.ActiveCfg = Release|Any CPU
		{A8F3C19C-C600-4310-BB52-3574801F78A7}.Release|Any CPU.Build.0 = Release|Any CPU
		{92782EE6-7911-4B2D-A5BD-CE338E586F46}.Debug|Any CPU.ActiveCfg = Debug|Any CPU
		{92782EE6-7911-4B2D-A5BD-CE338E586F46}.Debug|Any CPU.Build.0 = Debug|Any CPU
		{92782EE6-7911-4B2D-A5BD-CE338E586F46}.Release|Any CPU.ActiveCfg = Release|Any CPU
		{92782EE6-7911-4B2D-A5BD-CE338E586F46}.Release|Any CPU.Build.0 = Release|Any CPU
		{79475813-D442-44C8-8B83-9BBC19EE165F}.Debug|Any CPU.ActiveCfg = Debug|Any CPU
		{79475813-D442-44C8-8B83-9BBC19EE165F}.Debug|Any CPU.Build.0 = Debug|Any CPU
		{79475813-D442-44C8-8B83-9BBC19EE165F}.Release|Any CPU.ActiveCfg = Release|Any CPU
		{79475813-D442-44C8-8B83-9BBC19EE165F}.Release|Any CPU.Build.0 = Release|Any CPU
	EndGlobalSection
	GlobalSection(SolutionProperties) = preSolution
		HideSolutionNode = FALSE
	EndGlobalSection
	GlobalSection(ExtensibilityGlobals) = postSolution
		SolutionGuid = {20E96E33-5FBC-418E-9FF4-8D699B4A1938}
	EndGlobalSection
EndGlobal
