
Microsoft Visual Studio Solution File, Format Version 12.00
# Visual Studio Version 16
VisualStudioVersion = 16.0.31005.135
MinimumVisualStudioVersion = 10.0.40219.1
Project("{FAE04EC0-301F-11D3-BF4B-00C04F79EFBC}") = "ActionPrint", "ActionPrint\ActionPrint.csproj", "{40B13D7E-8BDD-43E6-9131-BFC23136FFC8}"
EndProject
Project("{FAE04EC0-301F-11D3-BF4B-00C04F79EFBC}") = "KnightsOfHonor", "KnightsOfHonor\KnightsOfHonor.csproj", "{D905A984-A7C3-40D3-881A-215A246A0684}"
EndProject
Project("{FAE04EC0-301F-11D3-BF4B-00C04F79EFBC}") = "CustomMinFunction", "CustomMinFunction\CustomMinFunction.csproj", "{1C91101F-85F3-417B-A149-E4A0D54F73B9}"
EndProject
Global
	GlobalSection(SolutionConfigurationPlatforms) = preSolution
		Debug|Any CPU = Debug|Any CPU
		Release|Any CPU = Release|Any CPU
	EndGlobalSection
	GlobalSection(ProjectConfigurationPlatforms) = postSolution
		{40B13D7E-8BDD-43E6-9131-BFC23136FFC8}.Debug|Any CPU.ActiveCfg = Debug|Any CPU
		{40B13D7E-8BDD-43E6-9131-BFC23136FFC8}.Debug|Any CPU.Build.0 = Debug|Any CPU
		{40B13D7E-8BDD-43E6-9131-BFC23136FFC8}.Release|Any CPU.ActiveCfg = Release|Any CPU
		{40B13D7E-8BDD-43E6-9131-BFC23136FFC8}.Release|Any CPU.Build.0 = Release|Any CPU
		{D905A984-A7C3-40D3-881A-215A246A0684}.Debug|Any CPU.ActiveCfg = Debug|Any CPU
		{D905A984-A7C3-40D3-881A-215A246A0684}.Debug|Any CPU.Build.0 = Debug|Any CPU
		{D905A984-A7C3-40D3-881A-215A246A0684}.Release|Any CPU.ActiveCfg = Release|Any CPU
		{D905A984-A7C3-40D3-881A-215A246A0684}.Release|Any CPU.Build.0 = Release|Any CPU
		{1C91101F-85F3-417B-A149-E4A0D54F73B9}.Debug|Any CPU.ActiveCfg = Debug|Any CPU
		{1C91101F-85F3-417B-A149-E4A0D54F73B9}.Debug|Any CPU.Build.0 = Debug|Any CPU
		{1C91101F-85F3-417B-A149-E4A0D54F73B9}.Release|Any CPU.ActiveCfg = Release|Any CPU
		{1C91101F-85F3-417B-A149-E4A0D54F73B9}.Release|Any CPU.Build.0 = Release|Any CPU
	EndGlobalSection
	GlobalSection(SolutionProperties) = preSolution
		HideSolutionNode = FALSE
	EndGlobalSection
	GlobalSection(ExtensibilityGlobals) = postSolution
		SolutionGuid = {005FDF72-1917-43C8-AFC2-5F07538793B3}
	EndGlobalSection
EndGlobal
