
Microsoft Visual Studio Solution File, Format Version 12.00
# Visual Studio Version 17
VisualStudioVersion = 17.3.32901.215
MinimumVisualStudioVersion = 10.0.40219.1
Project("{9A19103F-16F7-4668-BE54-9A1E7A4F7556}") = "03.BankRobbery", "03.BankRobbery\03.BankRobbery.csproj", "{C8215865-D782-4521-B456-788891CF2E82}"
EndProject
Project("{9A19103F-16F7-4668-BE54-9A1E7A4F7556}") = "02.Rumors", "02.Rumors\02.Rumors.csproj", "{F602E5D7-E4BF-4E9B-86E4-7189C7558BCA}"
EndProject
Project("{FAE04EC0-301F-11D3-BF4B-00C04F79EFBC}") = "01.StringsMashup", "01.StringsMashup\01.StringsMashup.csproj", "{64EDD705-B2FF-4CEF-8854-E3F556526ED8}"
EndProject
Global
	GlobalSection(SolutionConfigurationPlatforms) = preSolution
		Debug|Any CPU = Debug|Any CPU
		Release|Any CPU = Release|Any CPU
	EndGlobalSection
	GlobalSection(ProjectConfigurationPlatforms) = postSolution
		{C8215865-D782-4521-B456-788891CF2E82}.Debug|Any CPU.ActiveCfg = Debug|Any CPU
		{C8215865-D782-4521-B456-788891CF2E82}.Debug|Any CPU.Build.0 = Debug|Any CPU
		{C8215865-D782-4521-B456-788891CF2E82}.Release|Any CPU.ActiveCfg = Release|Any CPU
		{C8215865-D782-4521-B456-788891CF2E82}.Release|Any CPU.Build.0 = Release|Any CPU
		{F602E5D7-E4BF-4E9B-86E4-7189C7558BCA}.Debug|Any CPU.ActiveCfg = Debug|Any CPU
		{F602E5D7-E4BF-4E9B-86E4-7189C7558BCA}.Debug|Any CPU.Build.0 = Debug|Any CPU
		{F602E5D7-E4BF-4E9B-86E4-7189C7558BCA}.Release|Any CPU.ActiveCfg = Release|Any CPU
		{F602E5D7-E4BF-4E9B-86E4-7189C7558BCA}.Release|Any CPU.Build.0 = Release|Any CPU
		{64EDD705-B2FF-4CEF-8854-E3F556526ED8}.Debug|Any CPU.ActiveCfg = Debug|Any CPU
		{64EDD705-B2FF-4CEF-8854-E3F556526ED8}.Debug|Any CPU.Build.0 = Debug|Any CPU
		{64EDD705-B2FF-4CEF-8854-E3F556526ED8}.Release|Any CPU.ActiveCfg = Release|Any CPU
		{64EDD705-B2FF-4CEF-8854-E3F556526ED8}.Release|Any CPU.Build.0 = Release|Any CPU
	EndGlobalSection
	GlobalSection(SolutionProperties) = preSolution
		HideSolutionNode = FALSE
	EndGlobalSection
	GlobalSection(ExtensibilityGlobals) = postSolution
		SolutionGuid = {A463D006-4053-4262-95B7-79EFA6ACE3CA}
	EndGlobalSection
EndGlobal
