
Microsoft Visual Studio Solution File, Format Version 12.00
# Visual Studio Version 16
VisualStudioVersion = 16.0.31005.135
MinimumVisualStudioVersion = 10.0.40219.1
Project("{9A19103F-16F7-4668-BE54-9A1E7A4F7556}") = "01. Birthday Celebration", "01. Birthday Celebration\01. Birthday Celebration.csproj", "{822CE8E8-F065-4C11-A5A1-930B0149F2EF}"
EndProject
Project("{9A19103F-16F7-4668-BE54-9A1E7A4F7556}") = "03. StreetRacing", "03. StreetRacing\03. StreetRacing.csproj", "{1FEF0456-AA5B-4058-9E62-54AE578BABC9}"
EndProject
Project("{FAE04EC0-301F-11D3-BF4B-00C04F79EFBC}") = "TheBattleOfTheFiveArmies", "TheBattleOfTheFiveArmies\TheBattleOfTheFiveArmies.csproj", "{2C880121-EFEF-405B-88BD-013176A1430D}"
EndProject
Global
	GlobalSection(SolutionConfigurationPlatforms) = preSolution
		Debug|Any CPU = Debug|Any CPU
		Release|Any CPU = Release|Any CPU
	EndGlobalSection
	GlobalSection(ProjectConfigurationPlatforms) = postSolution
		{822CE8E8-F065-4C11-A5A1-930B0149F2EF}.Debug|Any CPU.ActiveCfg = Debug|Any CPU
		{822CE8E8-F065-4C11-A5A1-930B0149F2EF}.Debug|Any CPU.Build.0 = Debug|Any CPU
		{822CE8E8-F065-4C11-A5A1-930B0149F2EF}.Release|Any CPU.ActiveCfg = Release|Any CPU
		{822CE8E8-F065-4C11-A5A1-930B0149F2EF}.Release|Any CPU.Build.0 = Release|Any CPU
		{1FEF0456-AA5B-4058-9E62-54AE578BABC9}.Debug|Any CPU.ActiveCfg = Debug|Any CPU
		{1FEF0456-AA5B-4058-9E62-54AE578BABC9}.Debug|Any CPU.Build.0 = Debug|Any CPU
		{1FEF0456-AA5B-4058-9E62-54AE578BABC9}.Release|Any CPU.ActiveCfg = Release|Any CPU
		{1FEF0456-AA5B-4058-9E62-54AE578BABC9}.Release|Any CPU.Build.0 = Release|Any CPU
		{2C880121-EFEF-405B-88BD-013176A1430D}.Debug|Any CPU.ActiveCfg = Debug|Any CPU
		{2C880121-EFEF-405B-88BD-013176A1430D}.Debug|Any CPU.Build.0 = Debug|Any CPU
		{2C880121-EFEF-405B-88BD-013176A1430D}.Release|Any CPU.ActiveCfg = Release|Any CPU
		{2C880121-EFEF-405B-88BD-013176A1430D}.Release|Any CPU.Build.0 = Release|Any CPU
	EndGlobalSection
	GlobalSection(SolutionProperties) = preSolution
		HideSolutionNode = FALSE
	EndGlobalSection
	GlobalSection(ExtensibilityGlobals) = postSolution
		SolutionGuid = {A73E6856-E268-455B-BAE4-536B08D41A9A}
	EndGlobalSection
EndGlobal
