
Microsoft Visual Studio Solution File, Format Version 12.00
# Visual Studio Version 16
VisualStudioVersion = 16.0.31005.135
MinimumVisualStudioVersion = 10.0.40219.1
Project("{9A19103F-16F7-4668-BE54-9A1E7A4F7556}") = "CountSameValuesInArray", "CountSameValuesInArray\CountSameValuesInArray.csproj", "{704149DF-A678-4387-A569-E49B5EBC5C7A}"
EndProject
Project("{FAE04EC0-301F-11D3-BF4B-00C04F79EFBC}") = "AverageStudentGrades", "AverageStudentGrades\AverageStudentGrades.csproj", "{B628FF97-CB02-4B98-A1C2-D634F7F57BA2}"
EndProject
Project("{FAE04EC0-301F-11D3-BF4B-00C04F79EFBC}") = "ProductShop", "ProductShop\ProductShop.csproj", "{CD81EA76-913D-48BA-901E-DE4FFEF954EF}"
EndProject
Project("{FAE04EC0-301F-11D3-BF4B-00C04F79EFBC}") = "CitiesByContinentAndCountry", "CitiesByContinentAndCountry\CitiesByContinentAndCountry.csproj", "{ACF593E4-5901-4EFD-B588-A96011EAC9B1}"
EndProject
Project("{FAE04EC0-301F-11D3-BF4B-00C04F79EFBC}") = "RecordUniqueNames", "RecordUniqueNames\RecordUniqueNames.csproj", "{8D5A6433-2D43-45A9-8964-9E7D9DA48815}"
EndProject
Project("{FAE04EC0-301F-11D3-BF4B-00C04F79EFBC}") = "ParkingLot", "ParkingLot\ParkingLot.csproj", "{4E4E6F26-0A63-45AA-89C8-6E066DAE6682}"
EndProject
Project("{FAE04EC0-301F-11D3-BF4B-00C04F79EFBC}") = "SoftUniParty", "SoftUniParty\SoftUniParty.csproj", "{D6FDA330-1A90-46CE-89FB-A03943B65AA8}"
EndProject
Global
	GlobalSection(SolutionConfigurationPlatforms) = preSolution
		Debug|Any CPU = Debug|Any CPU
		Release|Any CPU = Release|Any CPU
	EndGlobalSection
	GlobalSection(ProjectConfigurationPlatforms) = postSolution
		{704149DF-A678-4387-A569-E49B5EBC5C7A}.Debug|Any CPU.ActiveCfg = Debug|Any CPU
		{704149DF-A678-4387-A569-E49B5EBC5C7A}.Debug|Any CPU.Build.0 = Debug|Any CPU
		{704149DF-A678-4387-A569-E49B5EBC5C7A}.Release|Any CPU.ActiveCfg = Release|Any CPU
		{704149DF-A678-4387-A569-E49B5EBC5C7A}.Release|Any CPU.Build.0 = Release|Any CPU
		{B628FF97-CB02-4B98-A1C2-D634F7F57BA2}.Debug|Any CPU.ActiveCfg = Debug|Any CPU
		{B628FF97-CB02-4B98-A1C2-D634F7F57BA2}.Debug|Any CPU.Build.0 = Debug|Any CPU
		{B628FF97-CB02-4B98-A1C2-D634F7F57BA2}.Release|Any CPU.ActiveCfg = Release|Any CPU
		{B628FF97-CB02-4B98-A1C2-D634F7F57BA2}.Release|Any CPU.Build.0 = Release|Any CPU
		{CD81EA76-913D-48BA-901E-DE4FFEF954EF}.Debug|Any CPU.ActiveCfg = Debug|Any CPU
		{CD81EA76-913D-48BA-901E-DE4FFEF954EF}.Debug|Any CPU.Build.0 = Debug|Any CPU
		{CD81EA76-913D-48BA-901E-DE4FFEF954EF}.Release|Any CPU.ActiveCfg = Release|Any CPU
		{CD81EA76-913D-48BA-901E-DE4FFEF954EF}.Release|Any CPU.Build.0 = Release|Any CPU
		{ACF593E4-5901-4EFD-B588-A96011EAC9B1}.Debug|Any CPU.ActiveCfg = Debug|Any CPU
		{ACF593E4-5901-4EFD-B588-A96011EAC9B1}.Debug|Any CPU.Build.0 = Debug|Any CPU
		{ACF593E4-5901-4EFD-B588-A96011EAC9B1}.Release|Any CPU.ActiveCfg = Release|Any CPU
		{ACF593E4-5901-4EFD-B588-A96011EAC9B1}.Release|Any CPU.Build.0 = Release|Any CPU
		{8D5A6433-2D43-45A9-8964-9E7D9DA48815}.Debug|Any CPU.ActiveCfg = Debug|Any CPU
		{8D5A6433-2D43-45A9-8964-9E7D9DA48815}.Debug|Any CPU.Build.0 = Debug|Any CPU
		{8D5A6433-2D43-45A9-8964-9E7D9DA48815}.Release|Any CPU.ActiveCfg = Release|Any CPU
		{8D5A6433-2D43-45A9-8964-9E7D9DA48815}.Release|Any CPU.Build.0 = Release|Any CPU
		{4E4E6F26-0A63-45AA-89C8-6E066DAE6682}.Debug|Any CPU.ActiveCfg = Debug|Any CPU
		{4E4E6F26-0A63-45AA-89C8-6E066DAE6682}.Debug|Any CPU.Build.0 = Debug|Any CPU
		{4E4E6F26-0A63-45AA-89C8-6E066DAE6682}.Release|Any CPU.ActiveCfg = Release|Any CPU
		{4E4E6F26-0A63-45AA-89C8-6E066DAE6682}.Release|Any CPU.Build.0 = Release|Any CPU
		{D6FDA330-1A90-46CE-89FB-A03943B65AA8}.Debug|Any CPU.ActiveCfg = Debug|Any CPU
		{D6FDA330-1A90-46CE-89FB-A03943B65AA8}.Debug|Any CPU.Build.0 = Debug|Any CPU
		{D6FDA330-1A90-46CE-89FB-A03943B65AA8}.Release|Any CPU.ActiveCfg = Release|Any CPU
		{D6FDA330-1A90-46CE-89FB-A03943B65AA8}.Release|Any CPU.Build.0 = Release|Any CPU
	EndGlobalSection
	GlobalSection(SolutionProperties) = preSolution
		HideSolutionNode = FALSE
	EndGlobalSection
	GlobalSection(ExtensibilityGlobals) = postSolution
		SolutionGuid = {6CD00AD2-46D6-49AD-84D8-890EEF906912}
	EndGlobalSection
EndGlobal
