
Microsoft Visual Studio Solution File, Format Version 12.00
# Visual Studio Version 17
VisualStudioVersion = 17.1.32421.90
MinimumVisualStudioVersion = 10.0.40219.1
Project("{FAE04EC0-301F-11D3-BF4B-00C04F79EFBC}") = "01.InitialSetup", "01.InitialSetup\01.InitialSetup.csproj", "{7E2E36B9-DB6B-4991-B90E-5DC025D27ACA}"
EndProject
Global
	GlobalSection(SolutionConfigurationPlatforms) = preSolution
		Debug|Any CPU = Debug|Any CPU
		Release|Any CPU = Release|Any CPU
	EndGlobalSection
	GlobalSection(ProjectConfigurationPlatforms) = postSolution
		{7E2E36B9-DB6B-4991-B90E-5DC025D27ACA}.Debug|Any CPU.ActiveCfg = Debug|Any CPU
		{7E2E36B9-DB6B-4991-B90E-5DC025D27ACA}.Debug|Any CPU.Build.0 = Debug|Any CPU
		{7E2E36B9-DB6B-4991-B90E-5DC025D27ACA}.Release|Any CPU.ActiveCfg = Release|Any CPU
		{7E2E36B9-DB6B-4991-B90E-5DC025D27ACA}.Release|Any CPU.Build.0 = Release|Any CPU
	EndGlobalSection
	GlobalSection(SolutionProperties) = preSolution
		HideSolutionNode = FALSE
	EndGlobalSection
	GlobalSection(ExtensibilityGlobals) = postSolution
		SolutionGuid = {E0309839-1C93-4BE9-A631-A952612B8FAD}
	EndGlobalSection
EndGlobal
