
Microsoft Visual Studio Solution File, Format Version 12.00
# Visual Studio Version 16
VisualStudioVersion = 16.0.31005.135
MinimumVisualStudioVersion = 10.0.40219.1
Project("{9A19103F-16F7-4668-BE54-9A1E7A4F7556}") = "ReverseStrings", "ReverseStrings\ReverseStrings.csproj", "{430CEEAE-773A-4B21-82AF-7AE5968D5F65}"
EndProject
Project("{9A19103F-16F7-4668-BE54-9A1E7A4F7556}") = "RepeatStrings", "RepeatStrings\RepeatStrings.csproj", "{92C869FA-A0B7-4752-A7FC-C85CEC8DEFA1}"
EndProject
Project("{9A19103F-16F7-4668-BE54-9A1E7A4F7556}") = "Substring", "Substring\Substring.csproj", "{1D92330F-A576-46BE-A5F5-BB0A12789B3A}"
EndProject
Project("{9A19103F-16F7-4668-BE54-9A1E7A4F7556}") = "TextFilter", "TextFilter\TextFilter.csproj", "{C93F46FA-676C-49C6-A080-E574178345F1}"
EndProject
Project("{FAE04EC0-301F-11D3-BF4B-00C04F79EFBC}") = "DigitsLettersAndOther", "DigitsLettersAndOther\DigitsLettersAndOther.csproj", "{894AC5D5-C83C-452E-B6D9-65B1C67BCC92}"
EndProject
Global
	GlobalSection(SolutionConfigurationPlatforms) = preSolution
		Debug|Any CPU = Debug|Any CPU
		Release|Any CPU = Release|Any CPU
	EndGlobalSection
	GlobalSection(ProjectConfigurationPlatforms) = postSolution
		{430CEEAE-773A-4B21-82AF-7AE5968D5F65}.Debug|Any CPU.ActiveCfg = Debug|Any CPU
		{430CEEAE-773A-4B21-82AF-7AE5968D5F65}.Debug|Any CPU.Build.0 = Debug|Any CPU
		{430CEEAE-773A-4B21-82AF-7AE5968D5F65}.Release|Any CPU.ActiveCfg = Release|Any CPU
		{430CEEAE-773A-4B21-82AF-7AE5968D5F65}.Release|Any CPU.Build.0 = Release|Any CPU
		{92C869FA-A0B7-4752-A7FC-C85CEC8DEFA1}.Debug|Any CPU.ActiveCfg = Debug|Any CPU
		{92C869FA-A0B7-4752-A7FC-C85CEC8DEFA1}.Debug|Any CPU.Build.0 = Debug|Any CPU
		{92C869FA-A0B7-4752-A7FC-C85CEC8DEFA1}.Release|Any CPU.ActiveCfg = Release|Any CPU
		{92C869FA-A0B7-4752-A7FC-C85CEC8DEFA1}.Release|Any CPU.Build.0 = Release|Any CPU
		{1D92330F-A576-46BE-A5F5-BB0A12789B3A}.Debug|Any CPU.ActiveCfg = Debug|Any CPU
		{1D92330F-A576-46BE-A5F5-BB0A12789B3A}.Debug|Any CPU.Build.0 = Debug|Any CPU
		{1D92330F-A576-46BE-A5F5-BB0A12789B3A}.Release|Any CPU.ActiveCfg = Release|Any CPU
		{1D92330F-A576-46BE-A5F5-BB0A12789B3A}.Release|Any CPU.Build.0 = Release|Any CPU
		{C93F46FA-676C-49C6-A080-E574178345F1}.Debug|Any CPU.ActiveCfg = Debug|Any CPU
		{C93F46FA-676C-49C6-A080-E574178345F1}.Debug|Any CPU.Build.0 = Debug|Any CPU
		{C93F46FA-676C-49C6-A080-E574178345F1}.Release|Any CPU.ActiveCfg = Release|Any CPU
		{C93F46FA-676C-49C6-A080-E574178345F1}.Release|Any CPU.Build.0 = Release|Any CPU
		{894AC5D5-C83C-452E-B6D9-65B1C67BCC92}.Debug|Any CPU.ActiveCfg = Debug|Any CPU
		{894AC5D5-C83C-452E-B6D9-65B1C67BCC92}.Debug|Any CPU.Build.0 = Debug|Any CPU
		{894AC5D5-C83C-452E-B6D9-65B1C67BCC92}.Release|Any CPU.ActiveCfg = Release|Any CPU
		{894AC5D5-C83C-452E-B6D9-65B1C67BCC92}.Release|Any CPU.Build.0 = Release|Any CPU
	EndGlobalSection
	GlobalSection(SolutionProperties) = preSolution
		HideSolutionNode = FALSE
	EndGlobalSection
	GlobalSection(ExtensibilityGlobals) = postSolution
		SolutionGuid = {3F44E0F0-970F-4934-95EB-7E510CE73850}
	EndGlobalSection
EndGlobal
