
Microsoft Visual Studio Solution File, Format Version 12.00
# Visual Studio Version 17
VisualStudioVersion = 17.3.32901.215
MinimumVisualStudioVersion = 10.0.40219.1
Project("{FAE04EC0-301F-11D3-BF4B-00C04F79EFBC}") = "01.TwoMinutesToMidnight", "01.TwoMinutesToMidnight\01.TwoMinutesToMidnight.csproj", "{35A69AB5-140B-4AAD-9561-018884CA2959}"
EndProject
Project("{FAE04EC0-301F-11D3-BF4B-00C04F79EFBC}") = "02.Time", "02.Time\02.Time.csproj", "{5EAD25A1-E3B2-42B6-BCA6-1AF77F5104B1}"
EndProject
Project("{FAE04EC0-301F-11D3-BF4B-00C04F79EFBC}") = "03.TheStoryTelling", "03.TheStoryTelling\03.TheStoryTelling.csproj", "{CBA5B5FA-DD34-4CD3-B234-366BEAAB5871}"
EndProject
Global
	GlobalSection(SolutionConfigurationPlatforms) = preSolution
		Debug|Any CPU = Debug|Any CPU
		Release|Any CPU = Release|Any CPU
	EndGlobalSection
	GlobalSection(ProjectConfigurationPlatforms) = postSolution
		{35A69AB5-140B-4AAD-9561-018884CA2959}.Debug|Any CPU.ActiveCfg = Debug|Any CPU
		{35A69AB5-140B-4AAD-9561-018884CA2959}.Debug|Any CPU.Build.0 = Debug|Any CPU
		{35A69AB5-140B-4AAD-9561-018884CA2959}.Release|Any CPU.ActiveCfg = Release|Any CPU
		{35A69AB5-140B-4AAD-9561-018884CA2959}.Release|Any CPU.Build.0 = Release|Any CPU
		{5EAD25A1-E3B2-42B6-BCA6-1AF77F5104B1}.Debug|Any CPU.ActiveCfg = Debug|Any CPU
		{5EAD25A1-E3B2-42B6-BCA6-1AF77F5104B1}.Debug|Any CPU.Build.0 = Debug|Any CPU
		{5EAD25A1-E3B2-42B6-BCA6-1AF77F5104B1}.Release|Any CPU.ActiveCfg = Release|Any CPU
		{5EAD25A1-E3B2-42B6-BCA6-1AF77F5104B1}.Release|Any CPU.Build.0 = Release|Any CPU
		{CBA5B5FA-DD34-4CD3-B234-366BEAAB5871}.Debug|Any CPU.ActiveCfg = Debug|Any CPU
		{CBA5B5FA-DD34-4CD3-B234-366BEAAB5871}.Debug|Any CPU.Build.0 = Debug|Any CPU
		{CBA5B5FA-DD34-4CD3-B234-366BEAAB5871}.Release|Any CPU.ActiveCfg = Release|Any CPU
		{CBA5B5FA-DD34-4CD3-B234-366BEAAB5871}.Release|Any CPU.Build.0 = Release|Any CPU
	EndGlobalSection
	GlobalSection(SolutionProperties) = preSolution
		HideSolutionNode = FALSE
	EndGlobalSection
	GlobalSection(ExtensibilityGlobals) = postSolution
		SolutionGuid = {F485DE7C-EE2F-4771-988F-B66987A43FED}
	EndGlobalSection
EndGlobal
