
Microsoft Visual Studio Solution File, Format Version 12.00
# Visual Studio Version 16
VisualStudioVersion = 16.0.31005.135
MinimumVisualStudioVersion = 10.0.40219.1
Project("{FAE04EC0-301F-11D3-BF4B-00C04F79EFBC}") = "BasicWebProject", "BasicWebProject\BasicWebProject.csproj", "{DDB2EBCA-9FD2-478E-A245-2919D7013189}"
EndProject
Global
	GlobalSection(SolutionConfigurationPlatforms) = preSolution
		Debug|Any CPU = Debug|Any CPU
		Release|Any CPU = Release|Any CPU
	EndGlobalSection
	GlobalSection(ProjectConfigurationPlatforms) = postSolution
		{DDB2EBCA-9FD2-478E-A245-2919D7013189}.Debug|Any CPU.ActiveCfg = Debug|Any CPU
		{DDB2EBCA-9FD2-478E-A245-2919D7013189}.Debug|Any CPU.Build.0 = Debug|Any CPU
		{DDB2EBCA-9FD2-478E-A245-2919D7013189}.Release|Any CPU.ActiveCfg = Release|Any CPU
		{DDB2EBCA-9FD2-478E-A245-2919D7013189}.Release|Any CPU.Build.0 = Release|Any CPU
	EndGlobalSection
	GlobalSection(SolutionProperties) = preSolution
		HideSolutionNode = FALSE
	EndGlobalSection
	GlobalSection(ExtensibilityGlobals) = postSolution
		SolutionGuid = {29BF2836-088B-434E-A0D5-AF41781E51E0}
	EndGlobalSection
EndGlobal
