
Microsoft Visual Studio Solution File, Format Version 12.00
# Visual Studio Version 17
VisualStudioVersion = 17.3.32901.215
MinimumVisualStudioVersion = 10.0.40219.1
Project("{FAE04EC0-301F-11D3-BF4B-00C04F79EFBC}") = "TextSplitter", "TextSplitter\TextSplitter.csproj", "{C70FD843-BB31-4473-920C-5073C9A21309}"
EndProject
Global
	GlobalSection(SolutionConfigurationPlatforms) = preSolution
		Debug|Any CPU = Debug|Any CPU
		Release|Any CPU = Release|Any CPU
	EndGlobalSection
	GlobalSection(ProjectConfigurationPlatforms) = postSolution
		{C70FD843-BB31-4473-920C-5073C9A21309}.Debug|Any CPU.ActiveCfg = Debug|Any CPU
		{C70FD843-BB31-4473-920C-5073C9A21309}.Debug|Any CPU.Build.0 = Debug|Any CPU
		{C70FD843-BB31-4473-920C-5073C9A21309}.Release|Any CPU.ActiveCfg = Release|Any CPU
		{C70FD843-BB31-4473-920C-5073C9A21309}.Release|Any CPU.Build.0 = Release|Any CPU
	EndGlobalSection
	GlobalSection(SolutionProperties) = preSolution
		HideSolutionNode = FALSE
	EndGlobalSection
	GlobalSection(ExtensibilityGlobals) = postSolution
		SolutionGuid = {6AF9F721-1801-455D-9923-D91B3CFDA5D7}
	EndGlobalSection
EndGlobal
